
Microsoft Visual Studio Solution File, Format Version 12.00
# Visual Studio Version 16
VisualStudioVersion = 16.0.30907.101
MinimumVisualStudioVersion = 10.0.40219.1
Project("{FAE04EC0-301F-11D3-BF4B-00C04F79EFBC}") = "BasicClass_Exercise", "BasicClass_Exercise\BasicClass_Exercise.csproj", "{5733E509-5517-4D50-B62E-FDE2A764B752}"
EndProject
Global
	GlobalSection(SolutionConfigurationPlatforms) = preSolution
		Debug|Any CPU = Debug|Any CPU
		Release|Any CPU = Release|Any CPU
	EndGlobalSection
	GlobalSection(ProjectConfigurationPlatforms) = postSolution
		{5733E509-5517-4D50-B62E-FDE2A764B752}.Debug|Any CPU.ActiveCfg = Debug|Any CPU
		{5733E509-5517-4D50-B62E-FDE2A764B752}.Debug|Any CPU.Build.0 = Debug|Any CPU
		{5733E509-5517-4D50-B62E-FDE2A764B752}.Release|Any CPU.ActiveCfg = Release|Any CPU
		{5733E509-5517-4D50-B62E-FDE2A764B752}.Release|Any CPU.Build.0 = Release|Any CPU
	EndGlobalSection
	GlobalSection(SolutionProperties) = preSolution
		HideSolutionNode = FALSE
	EndGlobalSection
	GlobalSection(ExtensibilityGlobals) = postSolution
		SolutionGuid = {C13963AE-9603-4AFE-990E-55CE5AFBF9FC}
	EndGlobalSection
EndGlobal
